// !$*UTF8*$!
{
	archiveVersion = 1;
	classes = {
	};
	objectVersion = 46;
	objects = {

/* Begin PBXBuildFile section */
		751C1F2A146E549100BA8B32 /* FileManagerTest.cpp in Sources */ = {isa = PBXBuildFile; fileRef = 751C1F2C146E549100BA8B32 /* FileManagerTest.cpp */; };
		751C1F2E146E54C400BA8B32 /* FileManager.cpp in Sources */ = {isa = PBXBuildFile; fileRef = 751C1F2D146E54C400BA8B32 /* FileManager.cpp */; };
		7559781B145D6D04003EDBAC /* DataTest.cpp in Sources */ = {isa = PBXBuildFile; fileRef = 75597813145D6D04003EDBAC /* DataTest.cpp */; };
		7559781C145D6D04003EDBAC /* SeedBinary.cpp in Sources */ = {isa = PBXBuildFile; fileRef = 75597815145D6D04003EDBAC /* SeedBinary.cpp */; };
		7559781D145D6D04003EDBAC /* SeedBinaryTest.cpp in Sources */ = {isa = PBXBuildFile; fileRef = 75597817145D6D04003EDBAC /* SeedBinaryTest.cpp */; };
		7559781E145D6D04003EDBAC /* main.cpp in Sources */ = {isa = PBXBuildFile; fileRef = 75597819145D6D04003EDBAC /* main.cpp */; };
		75D41C8714572D540041A296 /* Data.cpp in Sources */ = {isa = PBXBuildFile; fileRef = 75D41C8114572D540041A296 /* Data.cpp */; };
		75D41C8914572D540041A296 /* Manager.cpp in Sources */ = {isa = PBXBuildFile; fileRef = 75D41C8414572D540041A296 /* Manager.cpp */; };
/* End PBXBuildFile section */

/* Begin PBXCopyFilesBuildPhase section */
		75D41C6514572CFB0041A296 /* CopyFiles */ = {
			isa = PBXCopyFilesBuildPhase;
			buildActionMask = 2147483647;
			dstPath = /usr/share/man/man1/;
			dstSubfolderSpec = 0;
			files = (
			);
			runOnlyForDeploymentPostprocessing = 1;
		};
/* End PBXCopyFilesBuildPhase section */

/* Begin PBXFileReference section */
		751C1F27146E4EBE00BA8B32 /* FileManager.h */ = {isa = PBXFileReference; fileEncoding = 4; lastKnownFileType = sourcecode.c.h; path = FileManager.h; sourceTree = "<group>"; };
		751C1F2B146E549100BA8B32 /* en */ = {isa = PBXFileReference; lastKnownFileType = sourcecode.cpp.cpp; name = en; path = en.lproj/FileManagerTest.cpp; sourceTree = "<group>"; };
		751C1F2D146E54C400BA8B32 /* FileManager.cpp */ = {isa = PBXFileReference; fileEncoding = 4; lastKnownFileType = sourcecode.cpp.cpp; path = FileManager.cpp; sourceTree = "<group>"; };
		751C1F2F146E563700BA8B32 /* FileManagerTest.h */ = {isa = PBXFileReference; fileEncoding = 4; lastKnownFileType = sourcecode.c.h; path = FileManagerTest.h; sourceTree = "<group>"; };
		75597813145D6D04003EDBAC /* DataTest.cpp */ = {isa = PBXFileReference; fileEncoding = 4; lastKnownFileType = sourcecode.cpp.cpp; name = DataTest.cpp; path = seeds/DataTest.cpp; sourceTree = "<group>"; };
		75597814145D6D04003EDBAC /* DataTest.h */ = {isa = PBXFileReference; fileEncoding = 4; lastKnownFileType = sourcecode.c.h; name = DataTest.h; path = seeds/DataTest.h; sourceTree = "<group>"; };
		75597815145D6D04003EDBAC /* SeedBinary.cpp */ = {isa = PBXFileReference; fileEncoding = 4; lastKnownFileType = sourcecode.cpp.cpp; name = SeedBinary.cpp; path = seeds/SeedBinary.cpp; sourceTree = "<group>"; };
		75597816145D6D04003EDBAC /* SeedBinary.h */ = {isa = PBXFileReference; fileEncoding = 4; lastKnownFileType = sourcecode.c.h; name = SeedBinary.h; path = seeds/SeedBinary.h; sourceTree = "<group>"; };
		75597817145D6D04003EDBAC /* SeedBinaryTest.cpp */ = {isa = PBXFileReference; fileEncoding = 4; lastKnownFileType = sourcecode.cpp.cpp; name = SeedBinaryTest.cpp; path = seeds/SeedBinaryTest.cpp; sourceTree = "<group>"; };
		75597818145D6D04003EDBAC /* SeedBinaryTest.h */ = {isa = PBXFileReference; fileEncoding = 4; lastKnownFileType = sourcecode.c.h; name = SeedBinaryTest.h; path = seeds/SeedBinaryTest.h; sourceTree = "<group>"; };
		75597819145D6D04003EDBAC /* main.cpp */ = {isa = PBXFileReference; fileEncoding = 4; lastKnownFileType = sourcecode.cpp.cpp; path = main.cpp; sourceTree = "<group>"; };
		7559781A145D6D04003EDBAC /* TestRoot.h */ = {isa = PBXFileReference; fileEncoding = 4; lastKnownFileType = sourcecode.c.h; path = TestRoot.h; sourceTree = "<group>"; };
		75C23620145D7878009D8699 /* DiskManager.h */ = {isa = PBXFileReference; fileEncoding = 4; lastKnownFileType = sourcecode.c.h; name = DiskManager.h; path = seeds/DiskManager.h; sourceTree = "<group>"; };
		75D41C6714572CFB0041A296 /* seeds */ = {isa = PBXFileReference; explicitFileType = "compiled.mach-o.executable"; includeInIndex = 0; path = seeds; sourceTree = BUILT_PRODUCTS_DIR; };
		75D41C8114572D540041A296 /* Data.cpp */ = {isa = PBXFileReference; fileEncoding = 4; lastKnownFileType = sourcecode.cpp.cpp; name = Data.cpp; path = seeds/Data.cpp; sourceTree = "<group>"; };
		75D41C8214572D540041A296 /* Data.h */ = {isa = PBXFileReference; fileEncoding = 4; lastKnownFileType = sourcecode.c.h; name = Data.h; path = seeds/Data.h; sourceTree = "<group>"; };
		75D41C8414572D540041A296 /* Manager.cpp */ = {isa = PBXFileReference; fileEncoding = 4; lastKnownFileType = sourcecode.cpp.cpp; path = Manager.cpp; sourceTree = "<group>"; };
		75D41C8514572D540041A296 /* Manager.h */ = {isa = PBXFileReference; fileEncoding = 4; lastKnownFileType = sourcecode.c.h; name = Manager.h; path = seeds/Manager.h; sourceTree = "<group>"; };
		75D41C8614572D540041A296 /* NodeItemCode.h */ = {isa = PBXFileReference; fileEncoding = 4; lastKnownFileType = sourcecode.c.h; path = NodeItemCode.h; sourceTree = "<group>"; };
/* End PBXFileReference section */

/* Begin PBXFrameworksBuildPhase section */
		75D41C6414572CFB0041A296 /* Frameworks */ = {
			isa = PBXFrameworksBuildPhase;
			buildActionMask = 2147483647;
			files = (
			);
			runOnlyForDeploymentPostprocessing = 0;
		};
/* End PBXFrameworksBuildPhase section */

/* Begin PBXGroup section */
		751C1F1D146E4C3F00BA8B32 /* iomanager */ = {
			isa = PBXGroup;
			children = (
				751C1F2C146E549100BA8B32 /* FileManagerTest.cpp */,
				751C1F2D146E54C400BA8B32 /* FileManager.cpp */,
			);
			name = iomanager;
			sourceTree = "<group>";
		};
		751C1F1F146E4C8300BA8B32 /* include */ = {
			isa = PBXGroup;
			children = (
				751C1F24146E4D7900BA8B32 /* manager */,
				751C1F23146E4D4F00BA8B32 /* data */,
				751C1F22146E4D4000BA8B32 /* iomanager */,
			);
			name = include;
			path = ..;
			sourceTree = "<group>";
		};
		751C1F20146E4C9E00BA8B32 /* data */ = {
			isa = PBXGroup;
			children = (
				75597815145D6D04003EDBAC /* SeedBinary.cpp */,
				75597817145D6D04003EDBAC /* SeedBinaryTest.cpp */,
				75D41C8114572D540041A296 /* Data.cpp */,
				75597813145D6D04003EDBAC /* DataTest.cpp */,
			);
			name = data;
			path = ..;
			sourceTree = "<group>";
		};
		751C1F21146E4D2300BA8B32 /* src */ = {
			isa = PBXGroup;
			children = (
				751C1F1D146E4C3F00BA8B32 /* iomanager */,
				751C1F20146E4C9E00BA8B32 /* data */,
			);
			name = src;
			sourceTree = "<group>";
		};
		751C1F22146E4D4000BA8B32 /* iomanager */ = {
			isa = PBXGroup;
			children = (
				751C1F2F146E563700BA8B32 /* FileManagerTest.h */,
				751C1F27146E4EBE00BA8B32 /* FileManager.h */,
				75C23620145D7878009D8699 /* DiskManager.h */,
			);
			name = iomanager;
			sourceTree = "<group>";
		};
		751C1F23146E4D4F00BA8B32 /* data */ = {
			isa = PBXGroup;
			children = (
				75597816145D6D04003EDBAC /* SeedBinary.h */,
				75597818145D6D04003EDBAC /* SeedBinaryTest.h */,
				75D41C8214572D540041A296 /* Data.h */,
				75597814145D6D04003EDBAC /* DataTest.h */,
			);
			name = data;
			sourceTree = "<group>";
		};
		751C1F24146E4D7900BA8B32 /* manager */ = {
			isa = PBXGroup;
			children = (
				75D41C8514572D540041A296 /* Manager.h */,
			);
			name = manager;
			sourceTree = "<group>";
		};
		75D41C5C14572CFB0041A296 = {
			isa = PBXGroup;
			children = (
				75D41C6A14572CFB0041A296 /* seeds */,
				75D41C6814572CFB0041A296 /* Products */,
			);
			sourceTree = "<group>";
		};
		75D41C6814572CFB0041A296 /* Products */ = {
			isa = PBXGroup;
			children = (
				75D41C6714572CFB0041A296 /* seeds */,
			);
			name = Products;
			sourceTree = "<group>";
		};
		75D41C6A14572CFB0041A296 /* seeds */ = {
			isa = PBXGroup;
			children = (
				75597819145D6D04003EDBAC /* main.cpp */,
				7559781A145D6D04003EDBAC /* TestRoot.h */,
				751C1F1F146E4C8300BA8B32 /* include */,
				751C1F21146E4D2300BA8B32 /* src */,
				75D41C8414572D540041A296 /* Manager.cpp */,
				75D41C8614572D540041A296 /* NodeItemCode.h */,
			);
			path = seeds;
			sourceTree = "<group>";
		};
/* End PBXGroup section */

/* Begin PBXNativeTarget section */
		75D41C6614572CFB0041A296 /* seeds */ = {
			isa = PBXNativeTarget;
			buildConfigurationList = 75D41C7114572CFB0041A296 /* Build configuration list for PBXNativeTarget "seeds" */;
			buildPhases = (
				75D41C6314572CFB0041A296 /* Sources */,
				75D41C6414572CFB0041A296 /* Frameworks */,
				75D41C6514572CFB0041A296 /* CopyFiles */,
			);
			buildRules = (
			);
			dependencies = (
			);
			name = seeds;
			productName = seeds;
			productReference = 75D41C6714572CFB0041A296 /* seeds */;
			productType = "com.apple.product-type.tool";
		};
/* End PBXNativeTarget section */

/* Begin PBXProject section */
		75D41C5E14572CFB0041A296 /* Project object */ = {
			isa = PBXProject;
			attributes = {
				LastUpgradeCheck = 0420;
			};
			buildConfigurationList = 75D41C6114572CFB0041A296 /* Build configuration list for PBXProject "seeds" */;
			compatibilityVersion = "Xcode 3.2";
			developmentRegion = English;
			hasScannedForEncodings = 0;
			knownRegions = (
				en,
			);
			mainGroup = 75D41C5C14572CFB0041A296;
			productRefGroup = 75D41C6814572CFB0041A296 /* Products */;
			projectDirPath = "";
			projectRoot = "";
			targets = (
				75D41C6614572CFB0041A296 /* seeds */,
			);
		};
/* End PBXProject section */

/* Begin PBXSourcesBuildPhase section */
		75D41C6314572CFB0041A296 /* Sources */ = {
			isa = PBXSourcesBuildPhase;
			buildActionMask = 2147483647;
			files = (
				75D41C8714572D540041A296 /* Data.cpp in Sources */,
				75D41C8914572D540041A296 /* Manager.cpp in Sources */,
				7559781B145D6D04003EDBAC /* DataTest.cpp in Sources */,
				7559781C145D6D04003EDBAC /* SeedBinary.cpp in Sources */,
				7559781D145D6D04003EDBAC /* SeedBinaryTest.cpp in Sources */,
				7559781E145D6D04003EDBAC /* main.cpp in Sources */,
				751C1F2A146E549100BA8B32 /* FileManagerTest.cpp in Sources */,
				751C1F2E146E54C400BA8B32 /* FileManager.cpp in Sources */,
			);
			runOnlyForDeploymentPostprocessing = 0;
		};
/* End PBXSourcesBuildPhase section */

/* Begin PBXVariantGroup section */
		751C1F2C146E549100BA8B32 /* FileManagerTest.cpp */ = {
			isa = PBXVariantGroup;
			children = (
				751C1F2B146E549100BA8B32 /* en */,
			);
			name = FileManagerTest.cpp;
			sourceTree = "<group>";
		};
/* End PBXVariantGroup section */

/* Begin XCBuildConfiguration section */
		75D41C6F14572CFB0041A296 /* Debug */ = {
			isa = XCBuildConfiguration;
			buildSettings = {
				ALWAYS_SEARCH_USER_PATHS = NO;
				ARCHS = "$(ARCHS_STANDARD_64_BIT)";
				CLANG_ENABLE_OBJC_ARC = YES;
				COPY_PHASE_STRIP = NO;
				GCC_C_LANGUAGE_STANDARD = gnu99;
				GCC_DYNAMIC_NO_PIC = NO;
				GCC_ENABLE_OBJC_EXCEPTIONS = YES;
				GCC_OPTIMIZATION_LEVEL = 0;
				GCC_PREPROCESSOR_DEFINITIONS = (
					"DEBUG=1",
					"$(inherited)",
				);
				GCC_SYMBOLS_PRIVATE_EXTERN = NO;
				GCC_VERSION = com.apple.compilers.llvm.clang.1_0;
				GCC_WARN_64_TO_32_BIT_CONVERSION = YES;
				GCC_WARN_ABOUT_MISSING_PROTOTYPES = YES;
				GCC_WARN_ABOUT_RETURN_TYPE = YES;
				GCC_WARN_UNUSED_VARIABLE = YES;
				MACOSX_DEPLOYMENT_TARGET = 10.7;
				ONLY_ACTIVE_ARCH = YES;
				SDKROOT = macosx;
			};
			name = Debug;
		};
		75D41C7014572CFB0041A296 /* Release */ = {
			isa = XCBuildConfiguration;
			buildSettings = {
				ALWAYS_SEARCH_USER_PATHS = NO;
				ARCHS = "$(ARCHS_STANDARD_64_BIT)";
				CLANG_ENABLE_OBJC_ARC = YES;
				COPY_PHASE_STRIP = YES;
				DEBUG_INFORMATION_FORMAT = "dwarf-with-dsym";
				GCC_C_LANGUAGE_STANDARD = gnu99;
				GCC_ENABLE_OBJC_EXCEPTIONS = YES;
				GCC_VERSION = com.apple.compilers.llvm.clang.1_0;
				GCC_WARN_64_TO_32_BIT_CONVERSION = YES;
				GCC_WARN_ABOUT_MISSING_PROTOTYPES = YES;
				GCC_WARN_ABOUT_RETURN_TYPE = YES;
				GCC_WARN_UNUSED_VARIABLE = YES;
				MACOSX_DEPLOYMENT_TARGET = 10.7;
				SDKROOT = macosx;
			};
			name = Release;
		};
		75D41C7214572CFB0041A296 /* Debug */ = {
			isa = XCBuildConfiguration;
			buildSettings = {
				PRODUCT_NAME = "$(TARGET_NAME)";
			};
			name = Debug;
		};
		75D41C7314572CFB0041A296 /* Release */ = {
			isa = XCBuildConfiguration;
			buildSettings = {
				PRODUCT_NAME = "$(TARGET_NAME)";
			};
			name = Release;
		};
/* End XCBuildConfiguration section */

/* Begin XCConfigurationList section */
		75D41C6114572CFB0041A296 /* Build configuration list for PBXProject "seeds" */ = {
			isa = XCConfigurationList;
			buildConfigurations = (
				75D41C6F14572CFB0041A296 /* Debug */,
				75D41C7014572CFB0041A296 /* Release */,
			);
			defaultConfigurationIsVisible = 0;
			defaultConfigurationName = Release;
		};
		75D41C7114572CFB0041A296 /* Build configuration list for PBXNativeTarget "seeds" */ = {
			isa = XCConfigurationList;
			buildConfigurations = (
				75D41C7214572CFB0041A296 /* Debug */,
				75D41C7314572CFB0041A296 /* Release */,
			);
			defaultConfigurationIsVisible = 0;
			defaultConfigurationName = Release;
		};
/* End XCConfigurationList section */
	};
	rootObject = 75D41C5E14572CFB0041A296 /* Project object */;
}
