// !$*UTF8*$!
{
	archiveVersion = 1;
	classes = {
	};
	objectVersion = 46;
	objects = {

/* Begin PBXBuildFile section */
		75E80899146E5FB400DE8367 /* main.cpp in Sources */ = {isa = PBXBuildFile; fileRef = 75E80898146E5FB400DE8367 /* main.cpp */; };
		75E808B5146E610D00DE8367 /* FileManagerTest.cpp in Sources */ = {isa = PBXBuildFile; fileRef = 75E808B3146E610D00DE8367 /* FileManagerTest.cpp */; };
		75E808B6146E610D00DE8367 /* FileManager.cpp in Sources */ = {isa = PBXBuildFile; fileRef = 75E808B4146E610D00DE8367 /* FileManager.cpp */; };
		75E808BB146E611600DE8367 /* SeedBinary.cpp in Sources */ = {isa = PBXBuildFile; fileRef = 75E808B7146E611600DE8367 /* SeedBinary.cpp */; };
		75E808BC146E611600DE8367 /* SeedBinaryTest.cpp in Sources */ = {isa = PBXBuildFile; fileRef = 75E808B8146E611600DE8367 /* SeedBinaryTest.cpp */; };
		75E808BD146E611600DE8367 /* Data.cpp in Sources */ = {isa = PBXBuildFile; fileRef = 75E808B9146E611600DE8367 /* Data.cpp */; };
		75E808BE146E611600DE8367 /* DataTest.cpp in Sources */ = {isa = PBXBuildFile; fileRef = 75E808BA146E611600DE8367 /* DataTest.cpp */; };
		75E808C1146E611F00DE8367 /* Manager.cpp in Sources */ = {isa = PBXBuildFile; fileRef = 75E808BF146E611F00DE8367 /* Manager.cpp */; };
		A10000010000000000000001 /* Action.cpp in Sources */ = {isa = PBXBuildFile; fileRef = A10000020000000000000001 /* Action.cpp */; };
		A10000030000000000000001 /* Buff.cpp in Sources */ = {isa = PBXBuildFile; fileRef = A10000040000000000000001 /* Buff.cpp */; };
		A10000050000000000000001 /* Connection.cpp in Sources */ = {isa = PBXBuildFile; fileRef = A10000060000000000000001 /* Connection.cpp */; };
		A10000070000000000000001 /* Field.cpp in Sources */ = {isa = PBXBuildFile; fileRef = A10000080000000000000001 /* Field.cpp */; };
		A10000090000000000000001 /* Player.cpp in Sources */ = {isa = PBXBuildFile; fileRef = A100000A0000000000000001 /* Player.cpp */; };
		A100000B0000000000000001 /* Position.cpp in Sources */ = {isa = PBXBuildFile; fileRef = A100000C0000000000000001 /* Position.cpp */; };
		A100000D0000000000000001 /* Status.cpp in Sources */ = {isa = PBXBuildFile; fileRef = A100000E0000000000000001 /* Status.cpp */; };
/* End PBXBuildFile section */

/* Begin PBXCopyFilesBuildPhase section */
		75E80892146E5FB400DE8367 /* CopyFiles */ = {
			isa = PBXCopyFilesBuildPhase;
			buildActionMask = 2147483647;
			dstPath = /usr/share/man/man1/;
			dstSubfolderSpec = 0;
			files = (
			);
			runOnlyForDeploymentPostprocessing = 1;
		};
/* End PBXCopyFilesBuildPhase section */

/* Begin PBXFileReference section */
		75E80894146E5FB400DE8367 /* seed */ = {isa = PBXFileReference; explicitFileType = "compiled.mach-o.executable"; includeInIndex = 0; path = seed; sourceTree = BUILT_PRODUCTS_DIR; };
		75E80898146E5FB400DE8367 /* main.cpp */ = {isa = PBXFileReference; lastKnownFileType = sourcecode.cpp.cpp; path = src/main.cpp; sourceTree = "<group>"; };
		75E808AB146E60DC00DE8367 /* FileManagerTest.h */ = {isa = PBXFileReference; fileEncoding = 4; lastKnownFileType = sourcecode.c.h; path = include/seed/FileManagerTest.h; sourceTree = "<group>"; };
		75E808AC146E60DC00DE8367 /* FileManager.h */ = {isa = PBXFileReference; fileEncoding = 4; lastKnownFileType = sourcecode.c.h; path = include/seed/FileManager.h; sourceTree = "<group>"; };
		75E808AD146E60DC00DE8367 /* DiskManager.h */ = {isa = PBXFileReference; fileEncoding = 4; lastKnownFileType = sourcecode.c.h; path = include/seed/DiskManager.h; sourceTree = "<group>"; };
		75E808AE146E60E900DE8367 /* SeedBinary.h */ = {isa = PBXFileReference; fileEncoding = 4; lastKnownFileType = sourcecode.c.h; path = include/seed/SeedBinary.h; sourceTree = "<group>"; };
		75E808AF146E60E900DE8367 /* SeedBinaryTest.h */ = {isa = PBXFileReference; fileEncoding = 4; lastKnownFileType = sourcecode.c.h; path = include/seed/SeedBinaryTest.h; sourceTree = "<group>"; };
		75E808B0146E60E900DE8367 /* Data.h */ = {isa = PBXFileReference; fileEncoding = 4; lastKnownFileType = sourcecode.c.h; path = include/seed/Data.h; sourceTree = "<group>"; };
		75E808B1146E60E900DE8367 /* DataTest.h */ = {isa = PBXFileReference; fileEncoding = 4; lastKnownFileType = sourcecode.c.h; path = include/seed/DataTest.h; sourceTree = "<group>"; };
		75E808B2146E60F800DE8367 /* Manager.h */ = {isa = PBXFileReference; fileEncoding = 4; lastKnownFileType = sourcecode.c.h; path = include/seed/Manager.h; sourceTree = "<group>"; };
		75E808B3146E610D00DE8367 /* FileManagerTest.cpp */ = {isa = PBXFileReference; fileEncoding = 4; lastKnownFileType = sourcecode.cpp.cpp; path = tests/FileManagerTest.cpp; sourceTree = "<group>"; };
		75E808B4146E610D00DE8367 /* FileManager.cpp */ = {isa = PBXFileReference; fileEncoding = 4; lastKnownFileType = sourcecode.cpp.cpp; path = src/FileManager.cpp; sourceTree = "<group>"; };
		75E808B7146E611600DE8367 /* SeedBinary.cpp */ = {isa = PBXFileReference; fileEncoding = 4; lastKnownFileType = sourcecode.cpp.cpp; path = src/SeedBinary.cpp; sourceTree = "<group>"; };
		75E808B8146E611600DE8367 /* SeedBinaryTest.cpp */ = {isa = PBXFileReference; fileEncoding = 4; lastKnownFileType = sourcecode.cpp.cpp; path = tests/SeedBinaryTest.cpp; sourceTree = "<group>"; };
		75E808B9146E611600DE8367 /* Data.cpp */ = {isa = PBXFileReference; fileEncoding = 4; lastKnownFileType = sourcecode.cpp.cpp; path = src/Data.cpp; sourceTree = "<group>"; };
		75E808BA146E611600DE8367 /* DataTest.cpp */ = {isa = PBXFileReference; fileEncoding = 4; lastKnownFileType = sourcecode.cpp.cpp; path = tests/DataTest.cpp; sourceTree = "<group>"; };
		75E808BF146E611F00DE8367 /* Manager.cpp */ = {isa = PBXFileReference; fileEncoding = 4; lastKnownFileType = sourcecode.cpp.cpp; path = src/Manager.cpp; sourceTree = "<group>"; };
		75E808C0146E611F00DE8367 /* NodeItemCode.h */ = {isa = PBXFileReference; fileEncoding = 4; lastKnownFileType = sourcecode.c.h; path = include/seed/NodeItemCode.h; sourceTree = "<group>"; };
		A10000100000000000000001 /* Action.h */ = {isa = PBXFileReference; lastKnownFileType = sourcecode.c.h; path = include/seed/Action.h; sourceTree = "<group>"; };
		A10000110000000000000001 /* Buff.h */ = {isa = PBXFileReference; lastKnownFileType = sourcecode.c.h; path = include/seed/Buff.h; sourceTree = "<group>"; };
		A10000120000000000000001 /* Connection.h */ = {isa = PBXFileReference; lastKnownFileType = sourcecode.c.h; path = include/seed/Connection.h; sourceTree = "<group>"; };
		A10000130000000000000001 /* Field.h */ = {isa = PBXFileReference; lastKnownFileType = sourcecode.c.h; path = include/seed/Field.h; sourceTree = "<group>"; };
		A10000140000000000000001 /* Logger.h */ = {isa = PBXFileReference; lastKnownFileType = sourcecode.c.h; path = include/seed/Logger.h; sourceTree = "<group>"; };
		A10000150000000000000001 /* Player.h */ = {isa = PBXFileReference; lastKnownFileType = sourcecode.c.h; path = include/seed/Player.h; sourceTree = "<group>"; };
		A10000160000000000000001 /* Position.h */ = {isa = PBXFileReference; lastKnownFileType = sourcecode.c.h; path = include/seed/Position.h; sourceTree = "<group>"; };
		A10000170000000000000001 /* Status.h */ = {isa = PBXFileReference; lastKnownFileType = sourcecode.c.h; path = include/seed/Status.h; sourceTree = "<group>"; };
		A10000020000000000000001 /* Action.cpp */ = {isa = PBXFileReference; lastKnownFileType = sourcecode.cpp.cpp; path = src/Action.cpp; sourceTree = "<group>"; };
		A10000040000000000000001 /* Buff.cpp */ = {isa = PBXFileReference; lastKnownFileType = sourcecode.cpp.cpp; path = src/Buff.cpp; sourceTree = "<group>"; };
		A10000060000000000000001 /* Connection.cpp */ = {isa = PBXFileReference; lastKnownFileType = sourcecode.cpp.cpp; path = src/Connection.cpp; sourceTree = "<group>"; };
		A10000080000000000000001 /* Field.cpp */ = {isa = PBXFileReference; lastKnownFileType = sourcecode.cpp.cpp; path = src/Field.cpp; sourceTree = "<group>"; };
		A100000A0000000000000001 /* Player.cpp */ = {isa = PBXFileReference; lastKnownFileType = sourcecode.cpp.cpp; path = src/Player.cpp; sourceTree = "<group>"; };
		A100000C0000000000000001 /* Position.cpp */ = {isa = PBXFileReference; lastKnownFileType = sourcecode.cpp.cpp; path = src/Position.cpp; sourceTree = "<group>"; };
		A100000E0000000000000001 /* Status.cpp */ = {isa = PBXFileReference; lastKnownFileType = sourcecode.cpp.cpp; path = src/Status.cpp; sourceTree = "<group>"; };
/* End PBXFileReference section */

/* Begin PBXFrameworksBuildPhase section */
		75E80891146E5FB400DE8367 /* Frameworks */ = {
			isa = PBXFrameworksBuildPhase;
			buildActionMask = 2147483647;
			files = (
			);
			runOnlyForDeploymentPostprocessing = 0;
		};
/* End PBXFrameworksBuildPhase section */

/* Begin PBXGroup section */
		75E80889146E5FB400DE8367 = {
			isa = PBXGroup;
			children = (
				75E808A3146E5FD600DE8367 /* include */,
				75E808A2146E5FD300DE8367 /* src */,
				A10000180000000000000001 /* tests */,
				75E80895146E5FB400DE8367 /* Products */,
			);
			sourceTree = "<group>";
		};
		75E80895146E5FB400DE8367 /* Products */ = {
			isa = PBXGroup;
			children = (
				75E80894146E5FB400DE8367 /* seed */,
			);
			name = Products;
			sourceTree = "<group>";
		};
		75E80897146E5FB400DE8367 /* seed */ = {
			isa = PBXGroup;
			children = (
			);
			sourceTree = "<group>";
		};
		75E808A2146E5FD300DE8367 /* src */ = {
			isa = PBXGroup;
			children = (
				75E80898146E5FB400DE8367 /* main.cpp */,
				A10000020000000000000001 /* Action.cpp */,
				A10000040000000000000001 /* Buff.cpp */,
				A10000060000000000000001 /* Connection.cpp */,
				A10000080000000000000001 /* Field.cpp */,
				75E808B4146E610D00DE8367 /* FileManager.cpp */,
				75E808B9146E611600DE8367 /* Data.cpp */,
				75E808BF146E611F00DE8367 /* Manager.cpp */,
				A100000A0000000000000001 /* Player.cpp */,
				A100000C0000000000000001 /* Position.cpp */,
				75E808B7146E611600DE8367 /* SeedBinary.cpp */,
				A100000E0000000000000001 /* Status.cpp */,
			);
			name = src;
			sourceTree = "<group>";
		};
		75E808A3146E5FD600DE8367 /* include */ = {
			isa = PBXGroup;
			children = (
				A10000100000000000000001 /* Action.h */,
				A10000110000000000000001 /* Buff.h */,
				A10000120000000000000001 /* Connection.h */,
				A10000130000000000000001 /* Field.h */,
				75E808B0146E60E900DE8367 /* Data.h */,
				75E808AC146E60DC00DE8367 /* FileManager.h */,
				75E808AD146E60DC00DE8367 /* DiskManager.h */,
				A10000140000000000000001 /* Logger.h */,
				75E808B2146E60F800DE8367 /* Manager.h */,
				75E808C0146E611F00DE8367 /* NodeItemCode.h */,
				A10000150000000000000001 /* Player.h */,
				A10000160000000000000001 /* Position.h */,
				75E808AE146E60E900DE8367 /* SeedBinary.h */,
				A10000170000000000000001 /* Status.h */,
			);
			name = include;
			sourceTree = "<group>";
		};
		75E808A4146E601300DE8367 /* iomanager */ = {
			isa = PBXGroup;
			children = (
				75E808AB146E60DC00DE8367 /* FileManagerTest.h */,
				75E808AC146E60DC00DE8367 /* FileManager.h */,
				75E808AD146E60DC00DE8367 /* DiskManager.h */,
			);
			name = iomanager;
			sourceTree = "<group>";
		};
		75E808A6146E602000DE8367 /* manager */ = {
			isa = PBXGroup;
			children = (
				75E808C0146E611F00DE8367 /* NodeItemCode.h */,
				75E808B2146E60F800DE8367 /* Manager.h */,
			);
			name = manager;
			sourceTree = "<group>";
		};
		75E808A7146E603E00DE8367 /* data */ = {
			isa = PBXGroup;
			children = (
				75E808AE146E60E900DE8367 /* SeedBinary.h */,
				75E808AF146E60E900DE8367 /* SeedBinaryTest.h */,
				75E808B0146E60E900DE8367 /* Data.h */,
				75E808B1146E60E900DE8367 /* DataTest.h */,
			);
			name = data;
			sourceTree = "<group>";
		};
		75E808A8146E605200DE8367 /* iomanager */ = {
			isa = PBXGroup;
			children = (
				75E808B3146E610D00DE8367 /* FileManagerTest.cpp */,
				75E808B4146E610D00DE8367 /* FileManager.cpp */,
			);
			name = iomanager;
			sourceTree = "<group>";
		};
		75E808A9146E605F00DE8367 /* data */ = {
			isa = PBXGroup;
			children = (
				75E808B7146E611600DE8367 /* SeedBinary.cpp */,
				75E808B8146E611600DE8367 /* SeedBinaryTest.cpp */,
				75E808B9146E611600DE8367 /* Data.cpp */,
				75E808BA146E611600DE8367 /* DataTest.cpp */,
			);
			name = data;
			sourceTree = "<group>";
		};
		75E808AA146E606D00DE8367 /* manager */ = {
			isa = PBXGroup;
			children = (
				75E808BF146E611F00DE8367 /* Manager.cpp */,
			);
			name = manager;
			sourceTree = "<group>";
		};
		A10000180000000000000001 /* tests */ = {
			isa = PBXGroup;
			children = (
				75E808BA146E611600DE8367 /* DataTest.cpp */,
				75E808B5146E610D00DE8367 /* FileManagerTest.cpp */,
				75E808B8146E611600DE8367 /* SeedBinaryTest.cpp */,
			);
			name = tests;
			sourceTree = "<group>";
		};
/* End PBXGroup section */

/* Begin PBXNativeTarget section */
		75E80893146E5FB400DE8367 /* seed */ = {
			isa = PBXNativeTarget;
			buildConfigurationList = 75E8089E146E5FB400DE8367 /* Build configuration list for PBXNativeTarget "seed" */;
			buildPhases = (
				75E80890146E5FB400DE8367 /* Sources */,
				75E80891146E5FB400DE8367 /* Frameworks */,
				75E80892146E5FB400DE8367 /* CopyFiles */,
			);
			buildRules = (
			);
			dependencies = (
			);
			name = seed;
			productName = seed;
			productReference = 75E80894146E5FB400DE8367 /* seed */;
			productType = "com.apple.product-type.tool";
		};
/* End PBXNativeTarget section */

/* Begin PBXProject section */
		75E8088B146E5FB400DE8367 /* Project object */ = {
			isa = PBXProject;
			attributes = {
				LastUpgradeCheck = 0420;
			};
			buildConfigurationList = 75E8088E146E5FB400DE8367 /* Build configuration list for PBXProject "seed" */;
			compatibilityVersion = "Xcode 3.2";
			developmentRegion = English;
			hasScannedForEncodings = 0;
			knownRegions = (
				en,
			);
			mainGroup = 75E80889146E5FB400DE8367;
			productRefGroup = 75E80895146E5FB400DE8367 /* Products */;
			projectDirPath = "";
			projectRoot = "";
			targets = (
				75E80893146E5FB400DE8367 /* seed */,
			);
		};
/* End PBXProject section */

/* Begin PBXSourcesBuildPhase section */
		75E80890146E5FB400DE8367 /* Sources */ = {
			isa = PBXSourcesBuildPhase;
			buildActionMask = 2147483647;
			files = (
				75E80899146E5FB400DE8367 /* main.cpp in Sources */,
				75E808B6146E610D00DE8367 /* FileManager.cpp in Sources */,
				75E808BB146E611600DE8367 /* SeedBinary.cpp in Sources */,
				75E808BD146E611600DE8367 /* Data.cpp in Sources */,
				75E808C1146E611F00DE8367 /* Manager.cpp in Sources */,
				A10000010000000000000001 /* Action.cpp in Sources */,
				A10000030000000000000001 /* Buff.cpp in Sources */,
				A10000050000000000000001 /* Connection.cpp in Sources */,
				A10000070000000000000001 /* Field.cpp in Sources */,
				A10000090000000000000001 /* Player.cpp in Sources */,
				A100000B0000000000000001 /* Position.cpp in Sources */,
				A100000D0000000000000001 /* Status.cpp in Sources */,
			);
			runOnlyForDeploymentPostprocessing = 0;
		};
/* End PBXSourcesBuildPhase section */

/* Begin XCBuildConfiguration section */
		75E8089C146E5FB400DE8367 /* Debug */ = {
			isa = XCBuildConfiguration;
			buildSettings = {
				ALWAYS_SEARCH_USER_PATHS = NO;
				ARCHS = "$(ARCHS_STANDARD_64_BIT)";
				CLANG_ENABLE_OBJC_ARC = YES;
				COPY_PHASE_STRIP = NO;
				GCC_C_LANGUAGE_STANDARD = gnu99;
				HEADER_SEARCH_PATHS = "$(SRCROOT)/include/seed";
				GCC_DYNAMIC_NO_PIC = NO;
				GCC_ENABLE_OBJC_EXCEPTIONS = YES;
				GCC_OPTIMIZATION_LEVEL = 0;
				GCC_PREPROCESSOR_DEFINITIONS = (
					"DEBUG=1",
					"$(inherited)",
				);
				GCC_SYMBOLS_PRIVATE_EXTERN = NO;
				GCC_VERSION = com.apple.compilers.llvmgcc42;
				GCC_WARN_64_TO_32_BIT_CONVERSION = YES;
				GCC_WARN_ABOUT_MISSING_PROTOTYPES = YES;
				GCC_WARN_ABOUT_RETURN_TYPE = YES;
				GCC_WARN_UNUSED_VARIABLE = YES;
				MACOSX_DEPLOYMENT_TARGET = 10.7;
				ONLY_ACTIVE_ARCH = YES;
				SDKROOT = macosx;
			};
			name = Debug;
		};
		75E8089D146E5FB400DE8367 /* Release */ = {
			isa = XCBuildConfiguration;
			buildSettings = {
				ALWAYS_SEARCH_USER_PATHS = NO;
				ARCHS = "$(ARCHS_STANDARD_64_BIT)";
				CLANG_ENABLE_OBJC_ARC = YES;
				COPY_PHASE_STRIP = YES;
				DEBUG_INFORMATION_FORMAT = "dwarf-with-dsym";
				GCC_C_LANGUAGE_STANDARD = gnu99;
				HEADER_SEARCH_PATHS = "$(SRCROOT)/include/seed";
				GCC_ENABLE_OBJC_EXCEPTIONS = YES;
				GCC_VERSION = com.apple.compilers.llvmgcc42;
				GCC_WARN_64_TO_32_BIT_CONVERSION = YES;
				GCC_WARN_ABOUT_MISSING_PROTOTYPES = YES;
				GCC_WARN_ABOUT_RETURN_TYPE = YES;
				GCC_WARN_UNUSED_VARIABLE = YES;
				MACOSX_DEPLOYMENT_TARGET = 10.7;
				SDKROOT = macosx;
			};
			name = Release;
		};
		75E8089F146E5FB400DE8367 /* Debug */ = {
			isa = XCBuildConfiguration;
			buildSettings = {
				PRODUCT_NAME = "$(TARGET_NAME)";
			};
			name = Debug;
		};
		75E808A0146E5FB400DE8367 /* Release */ = {
			isa = XCBuildConfiguration;
			buildSettings = {
				PRODUCT_NAME = "$(TARGET_NAME)";
			};
			name = Release;
		};
/* End XCBuildConfiguration section */

/* Begin XCConfigurationList section */
		75E8088E146E5FB400DE8367 /* Build configuration list for PBXProject "seed" */ = {
			isa = XCConfigurationList;
			buildConfigurations = (
				75E8089C146E5FB400DE8367 /* Debug */,
				75E8089D146E5FB400DE8367 /* Release */,
			);
			defaultConfigurationIsVisible = 0;
			defaultConfigurationName = Debug;
		};
		75E8089E146E5FB400DE8367 /* Build configuration list for PBXNativeTarget "seed" */ = {
			isa = XCConfigurationList;
			buildConfigurations = (
				75E8089F146E5FB400DE8367 /* Debug */,
				75E808A0146E5FB400DE8367 /* Release */,
			);
			defaultConfigurationIsVisible = 0;
			defaultConfigurationName = Debug;
		};
/* End XCConfigurationList section */
	};
	rootObject = 75E8088B146E5FB400DE8367 /* Project object */;
}
