// !$*UTF8*$!
{
	archiveVersion = 1;
	classes = {
	};
	objectVersion = 46;
	objects = {

/* Begin PBXBuildFile section */
		BB5BBB6914570F0D003C6A95 /* Data.cpp in Sources */ = {isa = PBXBuildFile; fileRef = BB5BBB6614570F0D003C6A95 /* Data.cpp */; };
		BB5BBB6A14570F0D003C6A95 /* DataTest.cpp in Sources */ = {isa = PBXBuildFile; fileRef = BB5BBB6814570F0D003C6A95 /* DataTest.cpp */; };
		BBF157CB1456F6EE007F2947 /* Manager.cpp in Sources */ = {isa = PBXBuildFile; fileRef = BBF157CA1456F6EE007F2947 /* Manager.cpp */; };
/* End PBXBuildFile section */

/* Begin PBXCopyFilesBuildPhase section */
		BBF157A71456E0AC007F2947 /* CopyFiles */ = {
			isa = PBXCopyFilesBuildPhase;
			buildActionMask = 2147483647;
			dstPath = /usr/share/man/man1/;
			dstSubfolderSpec = 0;
			files = (
			);
			runOnlyForDeploymentPostprocessing = 1;
		};
/* End PBXCopyFilesBuildPhase section */

/* Begin PBXFileReference section */
		BB5BBB6614570F0D003C6A95 /* Data.cpp */ = {isa = PBXFileReference; fileEncoding = 4; lastKnownFileType = sourcecode.cpp.cpp; path = Data.cpp; sourceTree = "<group>"; };
		BB5BBB6714570F0D003C6A95 /* Data.h */ = {isa = PBXFileReference; fileEncoding = 4; lastKnownFileType = sourcecode.c.h; path = Data.h; sourceTree = "<group>"; };
		BB5BBB6814570F0D003C6A95 /* DataTest.cpp */ = {isa = PBXFileReference; fileEncoding = 4; lastKnownFileType = sourcecode.cpp.cpp; path = DataTest.cpp; sourceTree = "<group>"; };
		BBF157C61456E4DF007F2947 /* seeds */ = {isa = PBXFileReference; explicitFileType = "compiled.mach-o.executable"; includeInIndex = 0; path = seeds; sourceTree = BUILT_PRODUCTS_DIR; };
		BBF157C81456F5CD007F2947 /* NodeItemCode.h */ = {isa = PBXFileReference; fileEncoding = 4; lastKnownFileType = sourcecode.c.h; path = NodeItemCode.h; sourceTree = "<group>"; };
		BBF157CA1456F6EE007F2947 /* Manager.cpp */ = {isa = PBXFileReference; fileEncoding = 4; lastKnownFileType = sourcecode.cpp.cpp; path = Manager.cpp; sourceTree = "<group>"; };
		BBF157CC1456F6FA007F2947 /* Manager.h */ = {isa = PBXFileReference; fileEncoding = 4; lastKnownFileType = sourcecode.c.h; path = Manager.h; sourceTree = "<group>"; };
/* End PBXFileReference section */

/* Begin PBXFrameworksBuildPhase section */
		BBF157A61456E0AC007F2947 /* Frameworks */ = {
			isa = PBXFrameworksBuildPhase;
			buildActionMask = 2147483647;
			files = (
			);
			runOnlyForDeploymentPostprocessing = 0;
		};
/* End PBXFrameworksBuildPhase section */

/* Begin PBXGroup section */
		BBF1579E1456E0AC007F2947 = {
			isa = PBXGroup;
			children = (
				BB5BBB6614570F0D003C6A95 /* Data.cpp */,
				BB5BBB6714570F0D003C6A95 /* Data.h */,
				BB5BBB6814570F0D003C6A95 /* DataTest.cpp */,
				BBF157CC1456F6FA007F2947 /* Manager.h */,
				BBF157CA1456F6EE007F2947 /* Manager.cpp */,
				BBF157C81456F5CD007F2947 /* NodeItemCode.h */,
				BBF157C61456E4DF007F2947 /* seeds */,
			);
			sourceTree = "<group>";
		};
/* End PBXGroup section */

/* Begin PBXNativeTarget section */
		BBF157A81456E0AC007F2947 /* seeds */ = {
			isa = PBXNativeTarget;
			buildConfigurationList = BBF157B31456E0AC007F2947 /* Build configuration list for PBXNativeTarget "seeds" */;
			buildPhases = (
				BBF157A51456E0AC007F2947 /* Sources */,
				BBF157A61456E0AC007F2947 /* Frameworks */,
				BBF157A71456E0AC007F2947 /* CopyFiles */,
			);
			buildRules = (
			);
			dependencies = (
			);
			name = seeds;
			productName = seed_base;
			productReference = BBF157C61456E4DF007F2947 /* seeds */;
			productType = "com.apple.product-type.tool";
		};
/* End PBXNativeTarget section */

/* Begin PBXProject section */
		BBF157A01456E0AC007F2947 /* Project object */ = {
			isa = PBXProject;
			buildConfigurationList = BBF157A31456E0AC007F2947 /* Build configuration list for PBXProject "seeds" */;
			compatibilityVersion = "Xcode 3.2";
			developmentRegion = English;
			hasScannedForEncodings = 0;
			knownRegions = (
				en,
			);
			mainGroup = BBF1579E1456E0AC007F2947;
			productRefGroup = BBF1579E1456E0AC007F2947;
			projectDirPath = "";
			projectRoot = "";
			targets = (
				BBF157A81456E0AC007F2947 /* seeds */,
			);
		};
/* End PBXProject section */

/* Begin PBXSourcesBuildPhase section */
		BBF157A51456E0AC007F2947 /* Sources */ = {
			isa = PBXSourcesBuildPhase;
			buildActionMask = 2147483647;
			files = (
				BBF157CB1456F6EE007F2947 /* Manager.cpp in Sources */,
				BB5BBB6914570F0D003C6A95 /* Data.cpp in Sources */,
				BB5BBB6A14570F0D003C6A95 /* DataTest.cpp in Sources */,
			);
			runOnlyForDeploymentPostprocessing = 0;
		};
/* End PBXSourcesBuildPhase section */

/* Begin XCBuildConfiguration section */
		BBF157B11456E0AC007F2947 /* Debug */ = {
			isa = XCBuildConfiguration;
			buildSettings = {
				ALWAYS_SEARCH_USER_PATHS = NO;
				ARCHS = "$(ARCHS_STANDARD_64_BIT)";
				COPY_PHASE_STRIP = NO;
				GCC_C_LANGUAGE_STANDARD = gnu99;
				GCC_DYNAMIC_NO_PIC = NO;
				GCC_ENABLE_OBJC_EXCEPTIONS = YES;
				GCC_OPTIMIZATION_LEVEL = 0;
				GCC_PREPROCESSOR_DEFINITIONS = (
					"DEBUG=1",
					"$(inherited)",
				);
				GCC_SYMBOLS_PRIVATE_EXTERN = NO;
				GCC_VERSION = com.apple.compilers.llvm.clang.1_0;
				GCC_WARN_64_TO_32_BIT_CONVERSION = YES;
				GCC_WARN_ABOUT_MISSING_PROTOTYPES = YES;
				GCC_WARN_ABOUT_RETURN_TYPE = YES;
				GCC_WARN_UNUSED_VARIABLE = YES;
				MACOSX_DEPLOYMENT_TARGET = 10.7;
				ONLY_ACTIVE_ARCH = YES;
				SDKROOT = macosx;
			};
			name = Debug;
		};
		BBF157B21456E0AC007F2947 /* Release */ = {
			isa = XCBuildConfiguration;
			buildSettings = {
				ALWAYS_SEARCH_USER_PATHS = NO;
				ARCHS = "$(ARCHS_STANDARD_64_BIT)";
				COPY_PHASE_STRIP = YES;
				DEBUG_INFORMATION_FORMAT = "dwarf-with-dsym";
				GCC_C_LANGUAGE_STANDARD = gnu99;
				GCC_ENABLE_OBJC_EXCEPTIONS = YES;
				GCC_VERSION = com.apple.compilers.llvm.clang.1_0;
				GCC_WARN_64_TO_32_BIT_CONVERSION = YES;
				GCC_WARN_ABOUT_MISSING_PROTOTYPES = YES;
				GCC_WARN_ABOUT_RETURN_TYPE = YES;
				GCC_WARN_UNUSED_VARIABLE = YES;
				MACOSX_DEPLOYMENT_TARGET = 10.7;
				SDKROOT = macosx;
			};
			name = Release;
		};
		BBF157B41456E0AC007F2947 /* Debug */ = {
			isa = XCBuildConfiguration;
			buildSettings = {
				PRODUCT_NAME = seeds;
			};
			name = Debug;
		};
		BBF157B51456E0AC007F2947 /* Release */ = {
			isa = XCBuildConfiguration;
			buildSettings = {
				PRODUCT_NAME = seeds;
			};
			name = Release;
		};
/* End XCBuildConfiguration section */

/* Begin XCConfigurationList section */
		BBF157A31456E0AC007F2947 /* Build configuration list for PBXProject "seeds" */ = {
			isa = XCConfigurationList;
			buildConfigurations = (
				BBF157B11456E0AC007F2947 /* Debug */,
				BBF157B21456E0AC007F2947 /* Release */,
			);
			defaultConfigurationIsVisible = 0;
			defaultConfigurationName = Release;
		};
		BBF157B31456E0AC007F2947 /* Build configuration list for PBXNativeTarget "seeds" */ = {
			isa = XCConfigurationList;
			buildConfigurations = (
				BBF157B41456E0AC007F2947 /* Debug */,
				BBF157B51456E0AC007F2947 /* Release */,
			);
			defaultConfigurationIsVisible = 0;
			defaultConfigurationName = Release;
		};
/* End XCConfigurationList section */
	};
	rootObject = BBF157A01456E0AC007F2947 /* Project object */;
}
